{
  "name": "my.domain",
  "version": "1.0.0",
  "lockfileVersion": 1,
  "dependencies": {
    "linq": {
      "version": "3.0.8",
      "resolved": "https://registry.npmjs.org/linq/-/linq-3.0.8.tgz",
      "integrity": "sha1-9Q4yPtiK8NceGuyLjXAtPXJ4gZU="
    },
    "my.core": {
      "version": "file:../my.core",
      "dependencies": {
        "decimal.js-light": {
          "version": "2.2.3",
          "bundled": true
        },
        "moment": {
          "version": "2.18.1",
          "bundled": true
        }
      }
    },
    "uuid": {
      "version": "3.0.1",
      "resolved": "https://registry.npmjs.org/uuid/-/uuid-3.0.1.tgz",
      "integrity": "sha1-ZUS7ot/ajBzxfmKaOjBeK7H+5sE="
    }
  }
}
